
Microsoft Visual Studio Solution File, Format Version 12.00
# Visual Studio Version 17
VisualStudioVersion = 17.5.33516.290
MinimumVisualStudioVersion = 10.0.40219.1
Project("{FAE04EC0-301F-11D3-BF4B-00C04F79EFBC}") = "ExerArqDir", "ExerArqDir\ExerArqDir.csproj", "{B988FF97-AAFA-40C2-BDE3-18F1BF3CF4AF}"
EndProject
Global
	GlobalSection(SolutionConfigurationPlatforms) = preSolution
		Debug|Any CPU = Debug|Any CPU
		Release|Any CPU = Release|Any CPU
	EndGlobalSection
	GlobalSection(ProjectConfigurationPlatforms) = postSolution
		{B988FF97-AAFA-40C2-BDE3-18F1BF3CF4AF}.Debug|Any CPU.ActiveCfg = Debug|Any CPU
		{B988FF97-AAFA-40C2-BDE3-18F1BF3CF4AF}.Debug|Any CPU.Build.0 = Debug|Any CPU
		{B988FF97-AAFA-40C2-BDE3-18F1BF3CF4AF}.Release|Any CPU.ActiveCfg = Release|Any CPU
		{B988FF97-AAFA-40C2-BDE3-18F1BF3CF4AF}.Release|Any CPU.Build.0 = Release|Any CPU
	EndGlobalSection
	GlobalSection(SolutionProperties) = preSolution
		HideSolutionNode = FALSE
	EndGlobalSection
	GlobalSection(ExtensibilityGlobals) = postSolution
		SolutionGuid = {635E5D03-7018-4F38-8295-66BB797254B7}
	EndGlobalSection
EndGlobal
